
Microsoft Visual Studio Solution File, Format Version 12.00
# Visual Studio 14
VisualStudioVersion = 14.0.25420.1
MinimumVisualStudioVersion = 10.0.40219.1
Project("{FAE04EC0-301F-11D3-BF4B-00C04F79EFBC}") = "MVA", "MVA\MVA.csproj", "{FD66291B-AD49-43CD-BD23-412F49975773}"
EndProject
Project("{FAE04EC0-301F-11D3-BF4B-00C04F79EFBC}") = "Primer Ejercicio", "Primer Ejercicio\Primer Ejercicio.csproj", "{506EE33C-B9F4-4754-A0E7-E44C8672CE29}"
EndProject
Global
	GlobalSection(SolutionConfigurationPlatforms) = preSolution
		Debug|Any CPU = Debug|Any CPU
		Release|Any CPU = Release|Any CPU
	EndGlobalSection
	GlobalSection(ProjectConfigurationPlatforms) = postSolution
		{FD66291B-AD49-43CD-BD23-412F49975773}.Debug|Any CPU.ActiveCfg = Debug|Any CPU
		{FD66291B-AD49-43CD-BD23-412F49975773}.Debug|Any CPU.Build.0 = Debug|Any CPU
		{FD66291B-AD49-43CD-BD23-412F49975773}.Release|Any CPU.ActiveCfg = Release|Any CPU
		{FD66291B-AD49-43CD-BD23-412F49975773}.Release|Any CPU.Build.0 = Release|Any CPU
		{506EE33C-B9F4-4754-A0E7-E44C8672CE29}.Debug|Any CPU.ActiveCfg = Debug|Any CPU
		{506EE33C-B9F4-4754-A0E7-E44C8672CE29}.Debug|Any CPU.Build.0 = Debug|Any CPU
		{506EE33C-B9F4-4754-A0E7-E44C8672CE29}.Release|Any CPU.ActiveCfg = Release|Any CPU
		{506EE33C-B9F4-4754-A0E7-E44C8672CE29}.Release|Any CPU.Build.0 = Release|Any CPU
	EndGlobalSection
	GlobalSection(SolutionProperties) = preSolution
		HideSolutionNode = FALSE
	EndGlobalSection
EndGlobal
